
Microsoft Visual Studio Solution File, Format Version 12.00
# Visual Studio Version 16
VisualStudioVersion = 16.0.30204.135
MinimumVisualStudioVersion = 10.0.40219.1
Project("{FAE04EC0-301F-11D3-BF4B-00C04F79EFBC}") = "VistasNain", "VistasNain\VistasNain.csproj", "{2DDC842B-D3DA-43C4-8D33-F74C9A365953}"
EndProject
Project("{FAE04EC0-301F-11D3-BF4B-00C04F79EFBC}") = "Api", "Api\Api.csproj", "{5C4A9143-106B-479A-91D4-DB480725F746}"
EndProject
Global
	GlobalSection(SolutionConfigurationPlatforms) = preSolution
		Debug|Any CPU = Debug|Any CPU
		Release|Any CPU = Release|Any CPU
	EndGlobalSection
	GlobalSection(ProjectConfigurationPlatforms) = postSolution
		{2DDC842B-D3DA-43C4-8D33-F74C9A365953}.Debug|Any CPU.ActiveCfg = Debug|Any CPU
		{2DDC842B-D3DA-43C4-8D33-F74C9A365953}.Debug|Any CPU.Build.0 = Debug|Any CPU
		{2DDC842B-D3DA-43C4-8D33-F74C9A365953}.Release|Any CPU.ActiveCfg = Release|Any CPU
		{2DDC842B-D3DA-43C4-8D33-F74C9A365953}.Release|Any CPU.Build.0 = Release|Any CPU
		{5C4A9143-106B-479A-91D4-DB480725F746}.Debug|Any CPU.ActiveCfg = Debug|Any CPU
		{5C4A9143-106B-479A-91D4-DB480725F746}.Debug|Any CPU.Build.0 = Debug|Any CPU
		{5C4A9143-106B-479A-91D4-DB480725F746}.Release|Any CPU.ActiveCfg = Release|Any CPU
		{5C4A9143-106B-479A-91D4-DB480725F746}.Release|Any CPU.Build.0 = Release|Any CPU
	EndGlobalSection
	GlobalSection(SolutionProperties) = preSolution
		HideSolutionNode = FALSE
	EndGlobalSection
	GlobalSection(ExtensibilityGlobals) = postSolution
		SolutionGuid = {ED144785-F23D-4C40-B398-D9CBD55F158B}
	EndGlobalSection
EndGlobal
